
Microsoft Visual Studio Solution File, Format Version 12.00
# Visual Studio Version 17
VisualStudioVersion = 17.14.36414.22
MinimumVisualStudioVersion = 10.0.40219.1
Project("{2150E333-8FDC-42A3-9474-1A3956D46DE8}") = "Task0", "Task0", "{02EA681E-C7D8-13C7-8484-4AC65E1B71E8}"
EndProject
Project("{FAE04EC0-301F-11D3-BF4B-00C04F79EFBC}") = "Tyuiu.DanilovAS.Sprint1.Task0.V9", "Tyuiu.DanilovAS.Sprint1.Task0.V9\Tyuiu.DanilovAS.Sprint1.Task0.V9.csproj", "{1F344729-3DAD-44E4-8AF6-846F4416A97B}"
EndProject
Project("{FAE04EC0-301F-11D3-BF4B-00C04F79EFBC}") = "Tyuiu.DanilovAS.Sprint1.Task0.V9.Lib", "Tyuiu.DanilovAS.Sprint1.Task0.V9.Lib\Tyuiu.DanilovAS.Sprint1.Task0.V9.Lib.csproj", "{126CF36C-6977-4F8A-BE01-EB78270BCE7C}"
EndProject
Project("{FAE04EC0-301F-11D3-BF4B-00C04F79EFBC}") = "Tyuiu.DanilovAS.Sprint1.Task0.V9.Test", "Tyuiu.DanilovAS.Sprint1.Task0.V9.Test\Tyuiu.DanilovAS.Sprint1.Task0.V9.Test.csproj", "{E3542E17-AFF1-4B9A-AD2E-8D7F12AFA1A3}"
EndProject
Project("{2150E333-8FDC-42A3-9474-1A3956D46DE8}") = "Task1", "Task1", "{0417277D-F391-48AB-AFB9-66A223939EE8}"
EndProject
Project("{FAE04EC0-301F-11D3-BF4B-00C04F79EFBC}") = "Tyuiu.DanilovAS.Sprint1.Task1.V13", "Tyuiu.DanilovAS.Sprint1.Task1.V13\Tyuiu.DanilovAS.Sprint1.Task1.V13.csproj", "{881B9379-0BA0-4429-9F3A-FC93609428B4}"
EndProject
Project("{FAE04EC0-301F-11D3-BF4B-00C04F79EFBC}") = "Tyuiu.DanilovAS.Sprint1.Task1.V13.Lib", "Tyuiu.DanilovAS.Sprint1.Task1.V13.Lib\Tyuiu.DanilovAS.Sprint1.Task1.V13.Lib.csproj", "{9796A14A-29C1-487B-A677-F224ED4E1730}"
EndProject
Project("{FAE04EC0-301F-11D3-BF4B-00C04F79EFBC}") = "Tyuiu.DanilovAS.Sprint1.Task1.V13.Test", "Tyuiu.DanilovAS.Sprint1.Task1.V13.Test\Tyuiu.DanilovAS.Sprint1.Task1.V13.Test.csproj", "{F6AE28C8-74E7-41FB-BFDE-C6F243C47B5B}"
EndProject
Project("{2150E333-8FDC-42A3-9474-1A3956D46DE8}") = "Task2", "Task2", "{E186684B-E37F-4862-94C2-414142A1BE05}"
EndProject
Project("{FAE04EC0-301F-11D3-BF4B-00C04F79EFBC}") = "Tyuiu.DanilovAS.Sprint1.Task2.V18", "Tyuiu.DanilovAS.Sprint1.Task2.V18\Tyuiu.DanilovAS.Sprint1.Task2.V18.csproj", "{0F05E801-08C2-42BD-9E8A-5A93374790AC}"
EndProject
Project("{FAE04EC0-301F-11D3-BF4B-00C04F79EFBC}") = "Tyuiu.DanilovAS.Sprint1.Task2.V18.Lib", "Tyuiu.DanilovAS.Sprint1.Task2.V18.Lib\Tyuiu.DanilovAS.Sprint1.Task2.V18.Lib.csproj", "{6770B47D-46EF-4334-AD6C-ABF26093B822}"
EndProject
Project("{FAE04EC0-301F-11D3-BF4B-00C04F79EFBC}") = "Tyuiu.DanilovAS.Sprint1.Task2.V18.Test", "Tyuiu.DanilovAS.Sprint1.Task2.V18.Test\Tyuiu.DanilovAS.Sprint1.Task2.V18.Test.csproj", "{66458078-F66D-4F2E-8B60-C7CEB6B6724F}"
EndProject
Project("{2150E333-8FDC-42A3-9474-1A3956D46DE8}") = "Task3", "Task3", "{7086B596-F6B1-411B-8152-D98BC9D7C6E5}"
EndProject
Project("{FAE04EC0-301F-11D3-BF4B-00C04F79EFBC}") = "Tyuiu.DanilovAS.Sprint1.Task3.V9", "Tyuiu.DanilovAS.Sprint1.Task3.V9\Tyuiu.DanilovAS.Sprint1.Task3.V9.csproj", "{78FC0CA3-C118-429C-91F1-103C3DBE30AB}"
EndProject
Project("{FAE04EC0-301F-11D3-BF4B-00C04F79EFBC}") = "Tyuiu.DanilovAS.Sprint1.Task3.V9.Lib", "Tyuiu.DanilovAS.Sprint1.Task3.V9.Lib\Tyuiu.DanilovAS.Sprint1.Task3.V9.Lib.csproj", "{65F59D6C-180C-4D28-BB37-D9BE36355290}"
EndProject
Project("{FAE04EC0-301F-11D3-BF4B-00C04F79EFBC}") = "Tyuiu.DanilovAS.Sprint1.Task3.V9.Test", "Tyuiu.DanilovAS.Sprint1.Task3.V9.Test\Tyuiu.DanilovAS.Sprint1.Task3.V9.Test.csproj", "{63F306C3-69C6-4DC4-B7E8-22C9E81073A2}"
EndProject
Project("{2150E333-8FDC-42A3-9474-1A3956D46DE8}") = "Task4", "Task4", "{7A79C227-08E2-494E-8FB0-864A74B1EF67}"
EndProject
Project("{FAE04EC0-301F-11D3-BF4B-00C04F79EFBC}") = "Tyuiu.DanilovAS.Sprint1.Task4.V13", "Tyuiu.DanilovAS.Sprint1.Task4.V13\Tyuiu.DanilovAS.Sprint1.Task4.V13.csproj", "{6AA48548-CD41-4F03-B98B-354FE46058D7}"
EndProject
Project("{FAE04EC0-301F-11D3-BF4B-00C04F79EFBC}") = "Tyuiu.DanilovAS.Sprint1.Task4.V13.Lib", "Tyuiu.DanilovAS.Sprint1.Task4.V13.Lib\Tyuiu.DanilovAS.Sprint1.Task4.V13.Lib.csproj", "{21ACE416-8F0C-42E3-AAB8-5D1D47EBFFF7}"
EndProject
Project("{FAE04EC0-301F-11D3-BF4B-00C04F79EFBC}") = "Tyuiu.DanilovAS.Sprint1.Task4.V13.Test", "Tyuiu.DanilovAS.Sprint1.Task4.V13.Test\Tyuiu.DanilovAS.Sprint1.Task4.V13.Test.csproj", "{E32A45BD-95FC-4086-A8DE-48B62A108266}"
EndProject
Project("{2150E333-8FDC-42A3-9474-1A3956D46DE8}") = "Task5", "Task5", "{0EFD9257-8811-48B1-964F-3707BEEB28AF}"
EndProject
Project("{FAE04EC0-301F-11D3-BF4B-00C04F79EFBC}") = "Tyuiu.DanilovAS.Sprint1.Task5.V5", "Tyuiu.DanilovAS.Sprint1.Task5.V5\Tyuiu.DanilovAS.Sprint1.Task5.V5.csproj", "{6A914746-C222-4944-B7A5-9CF1EC2380D2}"
EndProject
Project("{FAE04EC0-301F-11D3-BF4B-00C04F79EFBC}") = "Tyuiu.DanilovAS.Sprint1.Task5.V5.Lib", "Tyuiu.DanilovAS.Sprint1.Task5.V5.Lib\Tyuiu.DanilovAS.Sprint1.Task5.V5.Lib.csproj", "{B651867F-B73B-43F1-9670-42382DB37723}"
EndProject
Project("{FAE04EC0-301F-11D3-BF4B-00C04F79EFBC}") = "Tyuiu.DanilovAS.Sprint1.Task5.V5.Test", "Tyuiu.DanilovAS.Sprint1.Task5.V5.Test\Tyuiu.DanilovAS.Sprint1.Task5.V5.Test.csproj", "{8BA695D3-4FF9-42B2-BF0C-08D4F75BA011}"
EndProject
Global
	GlobalSection(SolutionConfigurationPlatforms) = preSolution
		Debug|Any CPU = Debug|Any CPU
		Release|Any CPU = Release|Any CPU
	EndGlobalSection
	GlobalSection(ProjectConfigurationPlatforms) = postSolution
		{1F344729-3DAD-44E4-8AF6-846F4416A97B}.Debug|Any CPU.ActiveCfg = Debug|Any CPU
		{1F344729-3DAD-44E4-8AF6-846F4416A97B}.Debug|Any CPU.Build.0 = Debug|Any CPU
		{1F344729-3DAD-44E4-8AF6-846F4416A97B}.Release|Any CPU.ActiveCfg = Release|Any CPU
		{1F344729-3DAD-44E4-8AF6-846F4416A97B}.Release|Any CPU.Build.0 = Release|Any CPU
		{126CF36C-6977-4F8A-BE01-EB78270BCE7C}.Debug|Any CPU.ActiveCfg = Debug|Any CPU
		{126CF36C-6977-4F8A-BE01-EB78270BCE7C}.Debug|Any CPU.Build.0 = Debug|Any CPU
		{126CF36C-6977-4F8A-BE01-EB78270BCE7C}.Release|Any CPU.ActiveCfg = Release|Any CPU
		{126CF36C-6977-4F8A-BE01-EB78270BCE7C}.Release|Any CPU.Build.0 = Release|Any CPU
		{E3542E17-AFF1-4B9A-AD2E-8D7F12AFA1A3}.Debug|Any CPU.ActiveCfg = Debug|Any CPU
		{E3542E17-AFF1-4B9A-AD2E-8D7F12AFA1A3}.Debug|Any CPU.Build.0 = Debug|Any CPU
		{E3542E17-AFF1-4B9A-AD2E-8D7F12AFA1A3}.Release|Any CPU.ActiveCfg = Release|Any CPU
		{E3542E17-AFF1-4B9A-AD2E-8D7F12AFA1A3}.Release|Any CPU.Build.0 = Release|Any CPU
		{881B9379-0BA0-4429-9F3A-FC93609428B4}.Debug|Any CPU.ActiveCfg = Debug|Any CPU
		{881B9379-0BA0-4429-9F3A-FC93609428B4}.Debug|Any CPU.Build.0 = Debug|Any CPU
		{881B9379-0BA0-4429-9F3A-FC93609428B4}.Release|Any CPU.ActiveCfg = Release|Any CPU
		{881B9379-0BA0-4429-9F3A-FC93609428B4}.Release|Any CPU.Build.0 = Release|Any CPU
		{9796A14A-29C1-487B-A677-F224ED4E1730}.Debug|Any CPU.ActiveCfg = Debug|Any CPU
		{9796A14A-29C1-487B-A677-F224ED4E1730}.Debug|Any CPU.Build.0 = Debug|Any CPU
		{9796A14A-29C1-487B-A677-F224ED4E1730}.Release|Any CPU.ActiveCfg = Release|Any CPU
		{9796A14A-29C1-487B-A677-F224ED4E1730}.Release|Any CPU.Build.0 = Release|Any CPU
		{F6AE28C8-74E7-41FB-BFDE-C6F243C47B5B}.Debug|Any CPU.ActiveCfg = Debug|Any CPU
		{F6AE28C8-74E7-41FB-BFDE-C6F243C47B5B}.Debug|Any CPU.Build.0 = Debug|Any CPU
		{F6AE28C8-74E7-41FB-BFDE-C6F243C47B5B}.Release|Any CPU.ActiveCfg = Release|Any CPU
		{F6AE28C8-74E7-41FB-BFDE-C6F243C47B5B}.Release|Any CPU.Build.0 = Release|Any CPU
		{0F05E801-08C2-42BD-9E8A-5A93374790AC}.Debug|Any CPU.ActiveCfg = Debug|Any CPU
		{0F05E801-08C2-42BD-9E8A-5A93374790AC}.Debug|Any CPU.Build.0 = Debug|Any CPU
		{0F05E801-08C2-42BD-9E8A-5A93374790AC}.Release|Any CPU.ActiveCfg = Release|Any CPU
		{0F05E801-08C2-42BD-9E8A-5A93374790AC}.Release|Any CPU.Build.0 = Release|Any CPU
		{6770B47D-46EF-4334-AD6C-ABF26093B822}.Debug|Any CPU.ActiveCfg = Debug|Any CPU
		{6770B47D-46EF-4334-AD6C-ABF26093B822}.Debug|Any CPU.Build.0 = Debug|Any CPU
		{6770B47D-46EF-4334-AD6C-ABF26093B822}.Release|Any CPU.ActiveCfg = Release|Any CPU
		{6770B47D-46EF-4334-AD6C-ABF26093B822}.Release|Any CPU.Build.0 = Release|Any CPU
		{66458078-F66D-4F2E-8B60-C7CEB6B6724F}.Debug|Any CPU.ActiveCfg = Debug|Any CPU
		{66458078-F66D-4F2E-8B60-C7CEB6B6724F}.Debug|Any CPU.Build.0 = Debug|Any CPU
		{66458078-F66D-4F2E-8B60-C7CEB6B6724F}.Release|Any CPU.ActiveCfg = Release|Any CPU
		{66458078-F66D-4F2E-8B60-C7CEB6B6724F}.Release|Any CPU.Build.0 = Release|Any CPU
		{78FC0CA3-C118-429C-91F1-103C3DBE30AB}.Debug|Any CPU.ActiveCfg = Debug|Any CPU
		{78FC0CA3-C118-429C-91F1-103C3DBE30AB}.Debug|Any CPU.Build.0 = Debug|Any CPU
		{78FC0CA3-C118-429C-91F1-103C3DBE30AB}.Release|Any CPU.ActiveCfg = Release|Any CPU
		{78FC0CA3-C118-429C-91F1-103C3DBE30AB}.Release|Any CPU.Build.0 = Release|Any CPU
		{65F59D6C-180C-4D28-BB37-D9BE36355290}.Debug|Any CPU.ActiveCfg = Debug|Any CPU
		{65F59D6C-180C-4D28-BB37-D9BE36355290}.Debug|Any CPU.Build.0 = Debug|Any CPU
		{65F59D6C-180C-4D28-BB37-D9BE36355290}.Release|Any CPU.ActiveCfg = Release|Any CPU
		{65F59D6C-180C-4D28-BB37-D9BE36355290}.Release|Any CPU.Build.0 = Release|Any CPU
		{63F306C3-69C6-4DC4-B7E8-22C9E81073A2}.Debug|Any CPU.ActiveCfg = Debug|Any CPU
		{63F306C3-69C6-4DC4-B7E8-22C9E81073A2}.Debug|Any CPU.Build.0 = Debug|Any CPU
		{63F306C3-69C6-4DC4-B7E8-22C9E81073A2}.Release|Any CPU.ActiveCfg = Release|Any CPU
		{63F306C3-69C6-4DC4-B7E8-22C9E81073A2}.Release|Any CPU.Build.0 = Release|Any CPU
		{6AA48548-CD41-4F03-B98B-354FE46058D7}.Debug|Any CPU.ActiveCfg = Debug|Any CPU
		{6AA48548-CD41-4F03-B98B-354FE46058D7}.Debug|Any CPU.Build.0 = Debug|Any CPU
		{6AA48548-CD41-4F03-B98B-354FE46058D7}.Release|Any CPU.ActiveCfg = Release|Any CPU
		{6AA48548-CD41-4F03-B98B-354FE46058D7}.Release|Any CPU.Build.0 = Release|Any CPU
		{21ACE416-8F0C-42E3-AAB8-5D1D47EBFFF7}.Debug|Any CPU.ActiveCfg = Debug|Any CPU
		{21ACE416-8F0C-42E3-AAB8-5D1D47EBFFF7}.Debug|Any CPU.Build.0 = Debug|Any CPU
		{21ACE416-8F0C-42E3-AAB8-5D1D47EBFFF7}.Release|Any CPU.ActiveCfg = Release|Any CPU
		{21ACE416-8F0C-42E3-AAB8-5D1D47EBFFF7}.Release|Any CPU.Build.0 = Release|Any CPU
		{E32A45BD-95FC-4086-A8DE-48B62A108266}.Debug|Any CPU.ActiveCfg = Debug|Any CPU
		{E32A45BD-95FC-4086-A8DE-48B62A108266}.Debug|Any CPU.Build.0 = Debug|Any CPU
		{E32A45BD-95FC-4086-A8DE-48B62A108266}.Release|Any CPU.ActiveCfg = Release|Any CPU
		{E32A45BD-95FC-4086-A8DE-48B62A108266}.Release|Any CPU.Build.0 = Release|Any CPU
		{6A914746-C222-4944-B7A5-9CF1EC2380D2}.Debug|Any CPU.ActiveCfg = Debug|Any CPU
		{6A914746-C222-4944-B7A5-9CF1EC2380D2}.Debug|Any CPU.Build.0 = Debug|Any CPU
		{6A914746-C222-4944-B7A5-9CF1EC2380D2}.Release|Any CPU.ActiveCfg = Release|Any CPU
		{6A914746-C222-4944-B7A5-9CF1EC2380D2}.Release|Any CPU.Build.0 = Release|Any CPU
		{B651867F-B73B-43F1-9670-42382DB37723}.Debug|Any CPU.ActiveCfg = Debug|Any CPU
		{B651867F-B73B-43F1-9670-42382DB37723}.Debug|Any CPU.Build.0 = Debug|Any CPU
		{B651867F-B73B-43F1-9670-42382DB37723}.Release|Any CPU.ActiveCfg = Release|Any CPU
		{B651867F-B73B-43F1-9670-42382DB37723}.Release|Any CPU.Build.0 = Release|Any CPU
		{8BA695D3-4FF9-42B2-BF0C-08D4F75BA011}.Debug|Any CPU.ActiveCfg = Debug|Any CPU
		{8BA695D3-4FF9-42B2-BF0C-08D4F75BA011}.Debug|Any CPU.Build.0 = Debug|Any CPU
		{8BA695D3-4FF9-42B2-BF0C-08D4F75BA011}.Release|Any CPU.ActiveCfg = Release|Any CPU
		{8BA695D3-4FF9-42B2-BF0C-08D4F75BA011}.Release|Any CPU.Build.0 = Release|Any CPU
	EndGlobalSection
	GlobalSection(SolutionProperties) = preSolution
		HideSolutionNode = FALSE
	EndGlobalSection
	GlobalSection(NestedProjects) = preSolution
		{1F344729-3DAD-44E4-8AF6-846F4416A97B} = {02EA681E-C7D8-13C7-8484-4AC65E1B71E8}
		{126CF36C-6977-4F8A-BE01-EB78270BCE7C} = {02EA681E-C7D8-13C7-8484-4AC65E1B71E8}
		{E3542E17-AFF1-4B9A-AD2E-8D7F12AFA1A3} = {02EA681E-C7D8-13C7-8484-4AC65E1B71E8}
		{881B9379-0BA0-4429-9F3A-FC93609428B4} = {0417277D-F391-48AB-AFB9-66A223939EE8}
		{9796A14A-29C1-487B-A677-F224ED4E1730} = {0417277D-F391-48AB-AFB9-66A223939EE8}
		{F6AE28C8-74E7-41FB-BFDE-C6F243C47B5B} = {0417277D-F391-48AB-AFB9-66A223939EE8}
		{0F05E801-08C2-42BD-9E8A-5A93374790AC} = {E186684B-E37F-4862-94C2-414142A1BE05}
		{6770B47D-46EF-4334-AD6C-ABF26093B822} = {E186684B-E37F-4862-94C2-414142A1BE05}
		{66458078-F66D-4F2E-8B60-C7CEB6B6724F} = {E186684B-E37F-4862-94C2-414142A1BE05}
		{78FC0CA3-C118-429C-91F1-103C3DBE30AB} = {7086B596-F6B1-411B-8152-D98BC9D7C6E5}
		{65F59D6C-180C-4D28-BB37-D9BE36355290} = {7086B596-F6B1-411B-8152-D98BC9D7C6E5}
		{63F306C3-69C6-4DC4-B7E8-22C9E81073A2} = {7086B596-F6B1-411B-8152-D98BC9D7C6E5}
		{6AA48548-CD41-4F03-B98B-354FE46058D7} = {7A79C227-08E2-494E-8FB0-864A74B1EF67}
		{21ACE416-8F0C-42E3-AAB8-5D1D47EBFFF7} = {7A79C227-08E2-494E-8FB0-864A74B1EF67}
		{E32A45BD-95FC-4086-A8DE-48B62A108266} = {7A79C227-08E2-494E-8FB0-864A74B1EF67}
		{6A914746-C222-4944-B7A5-9CF1EC2380D2} = {0EFD9257-8811-48B1-964F-3707BEEB28AF}
		{B651867F-B73B-43F1-9670-42382DB37723} = {0EFD9257-8811-48B1-964F-3707BEEB28AF}
		{8BA695D3-4FF9-42B2-BF0C-08D4F75BA011} = {0EFD9257-8811-48B1-964F-3707BEEB28AF}
	EndGlobalSection
	GlobalSection(ExtensibilityGlobals) = postSolution
		SolutionGuid = {B1576EB9-290E-4D4A-A845-308FF56CB240}
	EndGlobalSection
EndGlobal
